// !$*UTF8*$!
{
	archiveVersion = 1;
	classes = {
	};
	objectVersion = 50;
	objects = {

/* Begin PBXBuildFile section */
		9787E36526BAF6A000B1BB42 /* AppDelegate.swift in Sources */ = {isa = PBXBuildFile; fileRef = 9787E36426BAF6A000B1BB42 /* AppDelegate.swift */; };
		9787E36726BAF6A000B1BB42 /* SceneDelegate.swift in Sources */ = {isa = PBXBuildFile; fileRef = 9787E36626BAF6A000B1BB42 /* SceneDelegate.swift */; };
		9787E36926BAF6A000B1BB42 /* ViewController.swift in Sources */ = {isa = PBXBuildFile; fileRef = 9787E36826BAF6A000B1BB42 /* ViewController.swift */; };
		9787E36C26BAF6A000B1BB42 /* Main.storyboard in Resources */ = {isa = PBXBuildFile; fileRef = 9787E36A26BAF6A000B1BB42 /* Main.storyboard */; };
		9787E36E26BAF6A100B1BB42 /* Assets.xcassets in Resources */ = {isa = PBXBuildFile; fileRef = 9787E36D26BAF6A100B1BB42 /* Assets.xcassets */; };
		9787E37126BAF6A100B1BB42 /* LaunchScreen.storyboard in Resources */ = {isa = PBXBuildFile; fileRef = 9787E36F26BAF6A100B1BB42 /* LaunchScreen.storyboard */; };
		9787E37C26BAF6A100B1BB42 /* SpaceX_FanTests.swift in Sources */ = {isa = PBXBuildFile; fileRef = 9787E37B26BAF6A100B1BB42 /* SpaceX_FanTests.swift */; };
		9787E38726BAF6A100B1BB42 /* SpaceX_FanUITests.swift in Sources */ = {isa = PBXBuildFile; fileRef = 9787E38626BAF6A100B1BB42 /* SpaceX_FanUITests.swift */; };
/* End PBXBuildFile section */

/* Begin PBXContainerItemProxy section */
		9787E37826BAF6A100B1BB42 /* PBXContainerItemProxy */ = {
			isa = PBXContainerItemProxy;
			containerPortal = 9787E35926BAF6A000B1BB42 /* Project object */;
			proxyType = 1;
			remoteGlobalIDString = 9787E36026BAF6A000B1BB42;
			remoteInfo = SpaceX_Fan;
		};
		9787E38326BAF6A100B1BB42 /* PBXContainerItemProxy */ = {
			isa = PBXContainerItemProxy;
			containerPortal = 9787E35926BAF6A000B1BB42 /* Project object */;
			proxyType = 1;
			remoteGlobalIDString = 9787E36026BAF6A000B1BB42;
			remoteInfo = SpaceX_Fan;
		};
/* End PBXContainerItemProxy section */

/* Begin PBXFileReference section */
		9787E36126BAF6A000B1BB42 /* SpaceX_Fan.app */ = {isa = PBXFileReference; explicitFileType = wrapper.application; includeInIndex = 0; path = SpaceX_Fan.app; sourceTree = BUILT_PRODUCTS_DIR; };
		9787E36426BAF6A000B1BB42 /* AppDelegate.swift */ = {isa = PBXFileReference; lastKnownFileType = sourcecode.swift; path = AppDelegate.swift; sourceTree = "<group>"; };
		9787E36626BAF6A000B1BB42 /* SceneDelegate.swift */ = {isa = PBXFileReference; lastKnownFileType = sourcecode.swift; path = SceneDelegate.swift; sourceTree = "<group>"; };
		9787E36826BAF6A000B1BB42 /* ViewController.swift */ = {isa = PBXFileReference; lastKnownFileType = sourcecode.swift; path = ViewController.swift; sourceTree = "<group>"; };
		9787E36B26BAF6A000B1BB42 /* Base */ = {isa = PBXFileReference; lastKnownFileType = file.storyboard; name = Base; path = Base.lproj/Main.storyboard; sourceTree = "<group>"; };
		9787E36D26BAF6A100B1BB42 /* Assets.xcassets */ = {isa = PBXFileReference; lastKnownFileType = folder.assetcatalog; path = Assets.xcassets; sourceTree = "<group>"; };
		9787E37026BAF6A100B1BB42 /* Base */ = {isa = PBXFileReference; lastKnownFileType = file.storyboard; name = Base; path = Base.lproj/LaunchScreen.storyboard; sourceTree = "<group>"; };
		9787E37226BAF6A100B1BB42 /* Info.plist */ = {isa = PBXFileReference; lastKnownFileType = text.plist.xml; path = Info.plist; sourceTree = "<group>"; };
		9787E37726BAF6A100B1BB42 /* SpaceX_FanTests.xctest */ = {isa = PBXFileReference; explicitFileType = wrapper.cfbundle; includeInIndex = 0; path = SpaceX_FanTests.xctest; sourceTree = BUILT_PRODUCTS_DIR; };
		9787E37B26BAF6A100B1BB42 /* SpaceX_FanTests.swift */ = {isa = PBXFileReference; lastKnownFileType = sourcecode.swift; path = SpaceX_FanTests.swift; sourceTree = "<group>"; };
		9787E37D26BAF6A100B1BB42 /* Info.plist */ = {isa = PBXFileReference; lastKnownFileType = text.plist.xml; path = Info.plist; sourceTree = "<group>"; };
		9787E38226BAF6A100B1BB42 /* SpaceX_FanUITests.xctest */ = {isa = PBXFileReference; explicitFileType = wrapper.cfbundle; includeInIndex = 0; path = SpaceX_FanUITests.xctest; sourceTree = BUILT_PRODUCTS_DIR; };
		9787E38626BAF6A100B1BB42 /* SpaceX_FanUITests.swift */ = {isa = PBXFileReference; lastKnownFileType = sourcecode.swift; path = SpaceX_FanUITests.swift; sourceTree = "<group>"; };
		9787E38826BAF6A100B1BB42 /* Info.plist */ = {isa = PBXFileReference; lastKnownFileType = text.plist.xml; path = Info.plist; sourceTree = "<group>"; };
/* End PBXFileReference section */

/* Begin PBXFrameworksBuildPhase section */
		9787E35E26BAF6A000B1BB42 /* Frameworks */ = {
			isa = PBXFrameworksBuildPhase;
			buildActionMask = 2147483647;
			files = (
			);
			runOnlyForDeploymentPostprocessing = 0;
		};
		9787E37426BAF6A100B1BB42 /* Frameworks */ = {
			isa = PBXFrameworksBuildPhase;
			buildActionMask = 2147483647;
			files = (
			);
			runOnlyForDeploymentPostprocessing = 0;
		};
		9787E37F26BAF6A100B1BB42 /* Frameworks */ = {
			isa = PBXFrameworksBuildPhase;
			buildActionMask = 2147483647;
			files = (
			);
			runOnlyForDeploymentPostprocessing = 0;
		};
/* End PBXFrameworksBuildPhase section */

/* Begin PBXGroup section */
		9787E35826BAF6A000B1BB42 = {
			isa = PBXGroup;
			children = (
				9787E36326BAF6A000B1BB42 /* SpaceX_Fan */,
				9787E37A26BAF6A100B1BB42 /* SpaceX_FanTests */,
				9787E38526BAF6A100B1BB42 /* SpaceX_FanUITests */,
				9787E36226BAF6A000B1BB42 /* Products */,
			);
			sourceTree = "<group>";
		};
		9787E36226BAF6A000B1BB42 /* Products */ = {
			isa = PBXGroup;
			children = (
				9787E36126BAF6A000B1BB42 /* SpaceX_Fan.app */,
				9787E37726BAF6A100B1BB42 /* SpaceX_FanTests.xctest */,
				9787E38226BAF6A100B1BB42 /* SpaceX_FanUITests.xctest */,
			);
			name = Products;
			sourceTree = "<group>";
		};
		9787E36326BAF6A000B1BB42 /* SpaceX_Fan */ = {
			isa = PBXGroup;
			children = (
				9787E36426BAF6A000B1BB42 /* AppDelegate.swift */,
				9787E36626BAF6A000B1BB42 /* SceneDelegate.swift */,
				9787E36826BAF6A000B1BB42 /* ViewController.swift */,
				9787E36A26BAF6A000B1BB42 /* Main.storyboard */,
				9787E36D26BAF6A100B1BB42 /* Assets.xcassets */,
				9787E36F26BAF6A100B1BB42 /* LaunchScreen.storyboard */,
				9787E37226BAF6A100B1BB42 /* Info.plist */,
			);
			path = SpaceX_Fan;
			sourceTree = "<group>";
		};
		9787E37A26BAF6A100B1BB42 /* SpaceX_FanTests */ = {
			isa = PBXGroup;
			children = (
				9787E37B26BAF6A100B1BB42 /* SpaceX_FanTests.swift */,
				9787E37D26BAF6A100B1BB42 /* Info.plist */,
			);
			path = SpaceX_FanTests;
			sourceTree = "<group>";
		};
		9787E38526BAF6A100B1BB42 /* SpaceX_FanUITests */ = {
			isa = PBXGroup;
			children = (
				9787E38626BAF6A100B1BB42 /* SpaceX_FanUITests.swift */,
				9787E38826BAF6A100B1BB42 /* Info.plist */,
			);
			path = SpaceX_FanUITests;
			sourceTree = "<group>";
		};
/* End PBXGroup section */

/* Begin PBXNativeTarget section */
		9787E36026BAF6A000B1BB42 /* SpaceX_Fan */ = {
			isa = PBXNativeTarget;
			buildConfigurationList = 9787E38B26BAF6A100B1BB42 /* Build configuration list for PBXNativeTarget "SpaceX_Fan" */;
			buildPhases = (
				9787E35D26BAF6A000B1BB42 /* Sources */,
				9787E35E26BAF6A000B1BB42 /* Frameworks */,
				9787E35F26BAF6A000B1BB42 /* Resources */,
			);
			buildRules = (
			);
			dependencies = (
			);
			name = SpaceX_Fan;
			productName = SpaceX_Fan;
			productReference = 9787E36126BAF6A000B1BB42 /* SpaceX_Fan.app */;
			productType = "com.apple.product-type.application";
		};
		9787E37626BAF6A100B1BB42 /* SpaceX_FanTests */ = {
			isa = PBXNativeTarget;
			buildConfigurationList = 9787E38E26BAF6A100B1BB42 /* Build configuration list for PBXNativeTarget "SpaceX_FanTests" */;
			buildPhases = (
				9787E37326BAF6A100B1BB42 /* Sources */,
				9787E37426BAF6A100B1BB42 /* Frameworks */,
				9787E37526BAF6A100B1BB42 /* Resources */,
			);
			buildRules = (
			);
			dependencies = (
				9787E37926BAF6A100B1BB42 /* PBXTargetDependency */,
			);
			name = SpaceX_FanTests;
			productName = SpaceX_FanTests;
			productReference = 9787E37726BAF6A100B1BB42 /* SpaceX_FanTests.xctest */;
			productType = "com.apple.product-type.bundle.unit-test";
		};
		9787E38126BAF6A100B1BB42 /* SpaceX_FanUITests */ = {
			isa = PBXNativeTarget;
			buildConfigurationList = 9787E39126BAF6A100B1BB42 /* Build configuration list for PBXNativeTarget "SpaceX_FanUITests" */;
			buildPhases = (
				9787E37E26BAF6A100B1BB42 /* Sources */,
				9787E37F26BAF6A100B1BB42 /* Frameworks */,
				9787E38026BAF6A100B1BB42 /* Resources */,
			);
			buildRules = (
			);
			dependencies = (
				9787E38426BAF6A100B1BB42 /* PBXTargetDependency */,
			);
			name = SpaceX_FanUITests;
			productName = SpaceX_FanUITests;
			productReference = 9787E38226BAF6A100B1BB42 /* SpaceX_FanUITests.xctest */;
			productType = "com.apple.product-type.bundle.ui-testing";
		};
/* End PBXNativeTarget section */

/* Begin PBXProject section */
		9787E35926BAF6A000B1BB42 /* Project object */ = {
			isa = PBXProject;
			attributes = {
				LastSwiftUpdateCheck = 1250;
				LastUpgradeCheck = 1250;
				TargetAttributes = {
					9787E36026BAF6A000B1BB42 = {
						CreatedOnToolsVersion = 12.5.1;
					};
					9787E37626BAF6A100B1BB42 = {
						CreatedOnToolsVersion = 12.5.1;
						TestTargetID = 9787E36026BAF6A000B1BB42;
					};
					9787E38126BAF6A100B1BB42 = {
						CreatedOnToolsVersion = 12.5.1;
						TestTargetID = 9787E36026BAF6A000B1BB42;
					};
				};
			};
			buildConfigurationList = 9787E35C26BAF6A000B1BB42 /* Build configuration list for PBXProject "SpaceX_Fan" */;
			compatibilityVersion = "Xcode 9.3";
			developmentRegion = en;
			hasScannedForEncodings = 0;
			knownRegions = (
				en,
				Base,
			);
			mainGroup = 9787E35826BAF6A000B1BB42;
			productRefGroup = 9787E36226BAF6A000B1BB42 /* Products */;
			projectDirPath = "";
			projectRoot = "";
			targets = (
				9787E36026BAF6A000B1BB42 /* SpaceX_Fan */,
				9787E37626BAF6A100B1BB42 /* SpaceX_FanTests */,
				9787E38126BAF6A100B1BB42 /* SpaceX_FanUITests */,
			);
		};
/* End PBXProject section */

/* Begin PBXResourcesBuildPhase section */
		9787E35F26BAF6A000B1BB42 /* Resources */ = {
			isa = PBXResourcesBuildPhase;
			buildActionMask = 2147483647;
			files = (
				9787E37126BAF6A100B1BB42 /* LaunchScreen.storyboard in Resources */,
				9787E36E26BAF6A100B1BB42 /* Assets.xcassets in Resources */,
				9787E36C26BAF6A000B1BB42 /* Main.storyboard in Resources */,
			);
			runOnlyForDeploymentPostprocessing = 0;
		};
		9787E37526BAF6A100B1BB42 /* Resources */ = {
			isa = PBXResourcesBuildPhase;
			buildActionMask = 2147483647;
			files = (
			);
			runOnlyForDeploymentPostprocessing = 0;
		};
		9787E38026BAF6A100B1BB42 /* Resources */ = {
			isa = PBXResourcesBuildPhase;
			buildActionMask = 2147483647;
			files = (
			);
			runOnlyForDeploymentPostprocessing = 0;
		};
/* End PBXResourcesBuildPhase section */

/* Begin PBXSourcesBuildPhase section */
		9787E35D26BAF6A000B1BB42 /* Sources */ = {
			isa = PBXSourcesBuildPhase;
			buildActionMask = 2147483647;
			files = (
				9787E36926BAF6A000B1BB42 /* ViewController.swift in Sources */,
				9787E36526BAF6A000B1BB42 /* AppDelegate.swift in Sources */,
				9787E36726BAF6A000B1BB42 /* SceneDelegate.swift in Sources */,
			);
			runOnlyForDeploymentPostprocessing = 0;
		};
		9787E37326BAF6A100B1BB42 /* Sources */ = {
			isa = PBXSourcesBuildPhase;
			buildActionMask = 2147483647;
			files = (
				9787E37C26BAF6A100B1BB42 /* SpaceX_FanTests.swift in Sources */,
			);
			runOnlyForDeploymentPostprocessing = 0;
		};
		9787E37E26BAF6A100B1BB42 /* Sources */ = {
			isa = PBXSourcesBuildPhase;
			buildActionMask = 2147483647;
			files = (
				9787E38726BAF6A100B1BB42 /* SpaceX_FanUITests.swift in Sources */,
			);
			runOnlyForDeploymentPostprocessing = 0;
		};
/* End PBXSourcesBuildPhase section */

/* Begin PBXTargetDependency section */
		9787E37926BAF6A100B1BB42 /* PBXTargetDependency */ = {
			isa = PBXTargetDependency;
			target = 9787E36026BAF6A000B1BB42 /* SpaceX_Fan */;
			targetProxy = 9787E37826BAF6A100B1BB42 /* PBXContainerItemProxy */;
		};
		9787E38426BAF6A100B1BB42 /* PBXTargetDependency */ = {
			isa = PBXTargetDependency;
			target = 9787E36026BAF6A000B1BB42 /* SpaceX_Fan */;
			targetProxy = 9787E38326BAF6A100B1BB42 /* PBXContainerItemProxy */;
		};
/* End PBXTargetDependency section */

/* Begin PBXVariantGroup section */
		9787E36A26BAF6A000B1BB42 /* Main.storyboard */ = {
			isa = PBXVariantGroup;
			children = (
				9787E36B26BAF6A000B1BB42 /* Base */,
			);
			name = Main.storyboard;
			sourceTree = "<group>";
		};
		9787E36F26BAF6A100B1BB42 /* LaunchScreen.storyboard */ = {
			isa = PBXVariantGroup;
			children = (
				9787E37026BAF6A100B1BB42 /* Base */,
			);
			name = LaunchScreen.storyboard;
			sourceTree = "<group>";
		};
/* End PBXVariantGroup section */

/* Begin XCBuildConfiguration section */
		9787E38926BAF6A100B1BB42 /* Debug */ = {
			isa = XCBuildConfiguration;
			buildSettings = {
				ALWAYS_SEARCH_USER_PATHS = NO;
				CLANG_ANALYZER_NONNULL = YES;
				CLANG_ANALYZER_NUMBER_OBJECT_CONVERSION = YES_AGGRESSIVE;
				CLANG_CXX_LANGUAGE_STANDARD = "gnu++14";
				CLANG_CXX_LIBRARY = "libc++";
				CLANG_ENABLE_MODULES = YES;
				CLANG_ENABLE_OBJC_ARC = YES;
				CLANG_ENABLE_OBJC_WEAK = YES;
				CLANG_WARN_BLOCK_CAPTURE_AUTORELEASING = YES;
				CLANG_WARN_BOOL_CONVERSION = YES;
				CLANG_WARN_COMMA = YES;
				CLANG_WARN_CONSTANT_CONVERSION = YES;
				CLANG_WARN_DEPRECATED_OBJC_IMPLEMENTATIONS = YES;
				CLANG_WARN_DIRECT_OBJC_ISA_USAGE = YES_ERROR;
				CLANG_WARN_DOCUMENTATION_COMMENTS = YES;
				CLANG_WARN_EMPTY_BODY = YES;
				CLANG_WARN_ENUM_CONVERSION = YES;
				CLANG_WARN_INFINITE_RECURSION = YES;
				CLANG_WARN_INT_CONVERSION = YES;
				CLANG_WARN_NON_LITERAL_NULL_CONVERSION = YES;
				CLANG_WARN_OBJC_IMPLICIT_RETAIN_SELF = YES;
				CLANG_WARN_OBJC_LITERAL_CONVERSION = YES;
				CLANG_WARN_OBJC_ROOT_CLASS = YES_ERROR;
				CLANG_WARN_QUOTED_INCLUDE_IN_FRAMEWORK_HEADER = YES;
				CLANG_WARN_RANGE_LOOP_ANALYSIS = YES;
				CLANG_WARN_STRICT_PROTOTYPES = YES;
				CLANG_WARN_SUSPICIOUS_MOVE = YES;
				CLANG_WARN_UNGUARDED_AVAILABILITY = YES_AGGRESSIVE;
				CLANG_WARN_UNREACHABLE_CODE = YES;
				CLANG_WARN__DUPLICATE_METHOD_MATCH = YES;
				COPY_PHASE_STRIP = NO;
				DEBUG_INFORMATION_FORMAT = dwarf;
				ENABLE_STRICT_OBJC_MSGSEND = YES;
				ENABLE_TESTABILITY = YES;
				GCC_C_LANGUAGE_STANDARD = gnu11;
				GCC_DYNAMIC_NO_PIC = NO;
				GCC_NO_COMMON_BLOCKS = YES;
				GCC_OPTIMIZATION_LEVEL = 0;
				GCC_PREPROCESSOR_DEFINITIONS = (
					"DEBUG=1",
					"$(inherited)",
				);
				GCC_WARN_64_TO_32_BIT_CONVERSION = YES;
				GCC_WARN_ABOUT_RETURN_TYPE = YES_ERROR;
				GCC_WARN_UNDECLARED_SELECTOR = YES;
				GCC_WARN_UNINITIALIZED_AUTOS = YES_AGGRESSIVE;
				GCC_WARN_UNUSED_FUNCTION = YES;
				GCC_WARN_UNUSED_VARIABLE = YES;
				IPHONEOS_DEPLOYMENT_TARGET = 14.5;
				MTL_ENABLE_DEBUG_INFO = INCLUDE_SOURCE;
				MTL_FAST_MATH = YES;
				ONLY_ACTIVE_ARCH = YES;
				SDKROOT = iphoneos;
				SWIFT_ACTIVE_COMPILATION_CONDITIONS = DEBUG;
				SWIFT_OPTIMIZATION_LEVEL = "-Onone";
			};
			name = Debug;
		};
		9787E38A26BAF6A100B1BB42 /* Release */ = {
			isa = XCBuildConfiguration;
			buildSettings = {
				ALWAYS_SEARCH_USER_PATHS = NO;
				CLANG_ANALYZER_NONNULL = YES;
				CLANG_ANALYZER_NUMBER_OBJECT_CONVERSION = YES_AGGRESSIVE;
				CLANG_CXX_LANGUAGE_STANDARD = "gnu++14";
				CLANG_CXX_LIBRARY = "libc++";
				CLANG_ENABLE_MODULES = YES;
				CLANG_ENABLE_OBJC_ARC = YES;
				CLANG_ENABLE_OBJC_WEAK = YES;
				CLANG_WARN_BLOCK_CAPTURE_AUTORELEASING = YES;
				CLANG_WARN_BOOL_CONVERSION = YES;
				CLANG_WARN_COMMA = YES;
				CLANG_WARN_CONSTANT_CONVERSION = YES;
				CLANG_WARN_DEPRECATED_OBJC_IMPLEMENTATIONS = YES;
				CLANG_WARN_DIRECT_OBJC_ISA_USAGE = YES_ERROR;
				CLANG_WARN_DOCUMENTATION_COMMENTS = YES;
				CLANG_WARN_EMPTY_BODY = YES;
				CLANG_WARN_ENUM_CONVERSION = YES;
				CLANG_WARN_INFINITE_RECURSION = YES;
				CLANG_WARN_INT_CONVERSION = YES;
				CLANG_WARN_NON_LITERAL_NULL_CONVERSION = YES;
				CLANG_WARN_OBJC_IMPLICIT_RETAIN_SELF = YES;
				CLANG_WARN_OBJC_LITERAL_CONVERSION = YES;
				CLANG_WARN_OBJC_ROOT_CLASS = YES_ERROR;
				CLANG_WARN_QUOTED_INCLUDE_IN_FRAMEWORK_HEADER = YES;
				CLANG_WARN_RANGE_LOOP_ANALYSIS = YES;
				CLANG_WARN_STRICT_PROTOTYPES = YES;
				CLANG_WARN_SUSPICIOUS_MOVE = YES;
				CLANG_WARN_UNGUARDED_AVAILABILITY = YES_AGGRESSIVE;
				CLANG_WARN_UNREACHABLE_CODE = YES;
				CLANG_WARN__DUPLICATE_METHOD_MATCH = YES;
				COPY_PHASE_STRIP = NO;
				DEBUG_INFORMATION_FORMAT = "dwarf-with-dsym";
				ENABLE_NS_ASSERTIONS = NO;
				ENABLE_STRICT_OBJC_MSGSEND = YES;
				GCC_C_LANGUAGE_STANDARD = gnu11;
				GCC_NO_COMMON_BLOCKS = YES;
				GCC_WARN_64_TO_32_BIT_CONVERSION = YES;
				GCC_WARN_ABOUT_RETURN_TYPE = YES_ERROR;
				GCC_WARN_UNDECLARED_SELECTOR = YES;
				GCC_WARN_UNINITIALIZED_AUTOS = YES_AGGRESSIVE;
				GCC_WARN_UNUSED_FUNCTION = YES;
				GCC_WARN_UNUSED_VARIABLE = YES;
				IPHONEOS_DEPLOYMENT_TARGET = 14.5;
				MTL_ENABLE_DEBUG_INFO = NO;
				MTL_FAST_MATH = YES;
				SDKROOT = iphoneos;
				SWIFT_COMPILATION_MODE = wholemodule;
				SWIFT_OPTIMIZATION_LEVEL = "-O";
				VALIDATE_PRODUCT = YES;
			};
			name = Release;
		};
		9787E38C26BAF6A100B1BB42 /* Debug */ = {
			isa = XCBuildConfiguration;
			buildSettings = {
				ASSETCATALOG_COMPILER_APPICON_NAME = AppIcon;
				ASSETCATALOG_COMPILER_GLOBAL_ACCENT_COLOR_NAME = AccentColor;
				CODE_SIGN_STYLE = Automatic;
				INFOPLIST_FILE = SpaceX_Fan/Info.plist;
				LD_RUNPATH_SEARCH_PATHS = (
					"$(inherited)",
					"@executable_path/Frameworks",
				);
				PRODUCT_BUNDLE_IDENTIFIER = "com.appleDev.SpaceX-Fan";
				PRODUCT_NAME = "$(TARGET_NAME)";
				SWIFT_VERSION = 5.0;
				TARGETED_DEVICE_FAMILY = "1,2";
			};
			name = Debug;
		};
		9787E38D26BAF6A100B1BB42 /* Release */ = {
			isa = XCBuildConfiguration;
			buildSettings = {
				ASSETCATALOG_COMPILER_APPICON_NAME = AppIcon;
				ASSETCATALOG_COMPILER_GLOBAL_ACCENT_COLOR_NAME = AccentColor;
				CODE_SIGN_STYLE = Automatic;
				INFOPLIST_FILE = SpaceX_Fan/Info.plist;
				LD_RUNPATH_SEARCH_PATHS = (
					"$(inherited)",
					"@executable_path/Frameworks",
				);
				PRODUCT_BUNDLE_IDENTIFIER = "com.appleDev.SpaceX-Fan";
				PRODUCT_NAME = "$(TARGET_NAME)";
				SWIFT_VERSION = 5.0;
				TARGETED_DEVICE_FAMILY = "1,2";
			};
			name = Release;
		};
		9787E38F26BAF6A100B1BB42 /* Debug */ = {
			isa = XCBuildConfiguration;
			buildSettings = {
				ALWAYS_EMBED_SWIFT_STANDARD_LIBRARIES = YES;
				BUNDLE_LOADER = "$(TEST_HOST)";
				CODE_SIGN_STYLE = Automatic;
				INFOPLIST_FILE = SpaceX_FanTests/Info.plist;
				IPHONEOS_DEPLOYMENT_TARGET = 14.5;
				LD_RUNPATH_SEARCH_PATHS = (
					"$(inherited)",
					"@executable_path/Frameworks",
					"@loader_path/Frameworks",
				);
				PRODUCT_BUNDLE_IDENTIFIER = "com.appleDev.SpaceX-FanTests";
				PRODUCT_NAME = "$(TARGET_NAME)";
				SWIFT_VERSION = 5.0;
				TARGETED_DEVICE_FAMILY = "1,2";
				TEST_HOST = "$(BUILT_PRODUCTS_DIR)/SpaceX_Fan.app/SpaceX_Fan";
			};
			name = Debug;
		};
		9787E39026BAF6A100B1BB42 /* Release */ = {
			isa = XCBuildConfiguration;
			buildSettings = {
				ALWAYS_EMBED_SWIFT_STANDARD_LIBRARIES = YES;
				BUNDLE_LOADER = "$(TEST_HOST)";
				CODE_SIGN_STYLE = Automatic;
				INFOPLIST_FILE = SpaceX_FanTests/Info.plist;
				IPHONEOS_DEPLOYMENT_TARGET = 14.5;
				LD_RUNPATH_SEARCH_PATHS = (
					"$(inherited)",
					"@executable_path/Frameworks",
					"@loader_path/Frameworks",
				);
				PRODUCT_BUNDLE_IDENTIFIER = "com.appleDev.SpaceX-FanTests";
				PRODUCT_NAME = "$(TARGET_NAME)";
				SWIFT_VERSION = 5.0;
				TARGETED_DEVICE_FAMILY = "1,2";
				TEST_HOST = "$(BUILT_PRODUCTS_DIR)/SpaceX_Fan.app/SpaceX_Fan";
			};
			name = Release;
		};
		9787E39226BAF6A100B1BB42 /* Debug */ = {
			isa = XCBuildConfiguration;
			buildSettings = {
				ALWAYS_EMBED_SWIFT_STANDARD_LIBRARIES = YES;
				CODE_SIGN_STYLE = Automatic;
				INFOPLIST_FILE = SpaceX_FanUITests/Info.plist;
				LD_RUNPATH_SEARCH_PATHS = (
					"$(inherited)",
					"@executable_path/Frameworks",
					"@loader_path/Frameworks",
				);
				PRODUCT_BUNDLE_IDENTIFIER = "com.appleDev.SpaceX-FanUITests";
				PRODUCT_NAME = "$(TARGET_NAME)";
				SWIFT_VERSION = 5.0;
				TARGETED_DEVICE_FAMILY = "1,2";
				TEST_TARGET_NAME = SpaceX_Fan;
			};
			name = Debug;
		};
		9787E39326BAF6A100B1BB42 /* Release */ = {
			isa = XCBuildConfiguration;
			buildSettings = {
				ALWAYS_EMBED_SWIFT_STANDARD_LIBRARIES = YES;
				CODE_SIGN_STYLE = Automatic;
				INFOPLIST_FILE = SpaceX_FanUITests/Info.plist;
				LD_RUNPATH_SEARCH_PATHS = (
					"$(inherited)",
					"@executable_path/Frameworks",
					"@loader_path/Frameworks",
				);
				PRODUCT_BUNDLE_IDENTIFIER = "com.appleDev.SpaceX-FanUITests";
				PRODUCT_NAME = "$(TARGET_NAME)";
				SWIFT_VERSION = 5.0;
				TARGETED_DEVICE_FAMILY = "1,2";
				TEST_TARGET_NAME = SpaceX_Fan;
			};
			name = Release;
		};
/* End XCBuildConfiguration section */

/* Begin XCConfigurationList section */
		9787E35C26BAF6A000B1BB42 /* Build configuration list for PBXProject "SpaceX_Fan" */ = {
			isa = XCConfigurationList;
			buildConfigurations = (
				9787E38926BAF6A100B1BB42 /* Debug */,
				9787E38A26BAF6A100B1BB42 /* Release */,
			);
			defaultConfigurationIsVisible = 0;
			defaultConfigurationName = Release;
		};
		9787E38B26BAF6A100B1BB42 /* Build configuration list for PBXNativeTarget "SpaceX_Fan" */ = {
			isa = XCConfigurationList;
			buildConfigurations = (
				9787E38C26BAF6A100B1BB42 /* Debug */,
				9787E38D26BAF6A100B1BB42 /* Release */,
			);
			defaultConfigurationIsVisible = 0;
			defaultConfigurationName = Release;
		};
		9787E38E26BAF6A100B1BB42 /* Build configuration list for PBXNativeTarget "SpaceX_FanTests" */ = {
			isa = XCConfigurationList;
			buildConfigurations = (
				9787E38F26BAF6A100B1BB42 /* Debug */,
				9787E39026BAF6A100B1BB42 /* Release */,
			);
			defaultConfigurationIsVisible = 0;
			defaultConfigurationName = Release;
		};
		9787E39126BAF6A100B1BB42 /* Build configuration list for PBXNativeTarget "SpaceX_FanUITests" */ = {
			isa = XCConfigurationList;
			buildConfigurations = (
				9787E39226BAF6A100B1BB42 /* Debug */,
				9787E39326BAF6A100B1BB42 /* Release */,
			);
			defaultConfigurationIsVisible = 0;
			defaultConfigurationName = Release;
		};
/* End XCConfigurationList section */
	};
	rootObject = 9787E35926BAF6A000B1BB42 /* Project object */;
}
